
Microsoft Visual Studio Solution File, Format Version 12.00
# Visual Studio Version 16
VisualStudioVersion = 16.0.30413.136
MinimumVisualStudioVersion = 10.0.40219.1
Project("{9A19103F-16F7-4668-BE54-9A1E7A4F7556}") = "FitTracker.MVC", "Fitness Applicatie\FitTracker.MVC.csproj", "{6A55D157-E179-4256-905A-6B5B3CAE5645}"
EndProject
Project("{9A19103F-16F7-4668-BE54-9A1E7A4F7556}") = "FitTracker.Persistence", "Fitness_Applicatie_Persistence\FitTracker.Persistence.csproj", "{6BD280AE-4349-47CC-B43B-80FA4CB99168}"
EndProject
Project("{9A19103F-16F7-4668-BE54-9A1E7A4F7556}") = "FitTracker.Logic", "Fitness_Applicatie_Logic\FitTracker.Logic.csproj", "{B615EBCF-B084-4AF9-A6E5-BCE91B08D6BC}"
EndProject
Project("{9A19103F-16F7-4668-BE54-9A1E7A4F7556}") = "FitTracker.Interface", "Fitness_Applicatie_Interface\FitTracker.Interface.csproj", "{1E32AA72-CD89-4589-A614-8F169D5258E1}"
EndProject
Global
	GlobalSection(SolutionConfigurationPlatforms) = preSolution
		Debug|Any CPU = Debug|Any CPU
		Release|Any CPU = Release|Any CPU
	EndGlobalSection
	GlobalSection(ProjectConfigurationPlatforms) = postSolution
		{6A55D157-E179-4256-905A-6B5B3CAE5645}.Debug|Any CPU.ActiveCfg = Debug|Any CPU
		{6A55D157-E179-4256-905A-6B5B3CAE5645}.Debug|Any CPU.Build.0 = Debug|Any CPU
		{6A55D157-E179-4256-905A-6B5B3CAE5645}.Release|Any CPU.ActiveCfg = Release|Any CPU
		{6A55D157-E179-4256-905A-6B5B3CAE5645}.Release|Any CPU.Build.0 = Release|Any CPU
		{6BD280AE-4349-47CC-B43B-80FA4CB99168}.Debug|Any CPU.ActiveCfg = Debug|Any CPU
		{6BD280AE-4349-47CC-B43B-80FA4CB99168}.Debug|Any CPU.Build.0 = Debug|Any CPU
		{6BD280AE-4349-47CC-B43B-80FA4CB99168}.Release|Any CPU.ActiveCfg = Release|Any CPU
		{6BD280AE-4349-47CC-B43B-80FA4CB99168}.Release|Any CPU.Build.0 = Release|Any CPU
		{B615EBCF-B084-4AF9-A6E5-BCE91B08D6BC}.Debug|Any CPU.ActiveCfg = Debug|Any CPU
		{B615EBCF-B084-4AF9-A6E5-BCE91B08D6BC}.Debug|Any CPU.Build.0 = Debug|Any CPU
		{B615EBCF-B084-4AF9-A6E5-BCE91B08D6BC}.Release|Any CPU.ActiveCfg = Release|Any CPU
		{B615EBCF-B084-4AF9-A6E5-BCE91B08D6BC}.Release|Any CPU.Build.0 = Release|Any CPU
		{1E32AA72-CD89-4589-A614-8F169D5258E1}.Debug|Any CPU.ActiveCfg = Debug|Any CPU
		{1E32AA72-CD89-4589-A614-8F169D5258E1}.Debug|Any CPU.Build.0 = Debug|Any CPU
		{1E32AA72-CD89-4589-A614-8F169D5258E1}.Release|Any CPU.ActiveCfg = Release|Any CPU
		{1E32AA72-CD89-4589-A614-8F169D5258E1}.Release|Any CPU.Build.0 = Release|Any CPU
	EndGlobalSection
	GlobalSection(SolutionProperties) = preSolution
		HideSolutionNode = FALSE
	EndGlobalSection
	GlobalSection(ExtensibilityGlobals) = postSolution
		SolutionGuid = {13BB31A3-644E-46A2-90AB-9B903C39E742}
	EndGlobalSection
EndGlobal
